
Microsoft Visual Studio Solution File, Format Version 12.00
# Visual Studio 14
VisualStudioVersion = 14.0.23107.0
MinimumVisualStudioVersion = 10.0.40219.1
Project("{FAE04EC0-301F-11D3-BF4B-00C04F79EFBC}") = "AsutpWeb", "AsutpWeb\AsutpWeb.csproj", "{7D8F8A03-C88E-4D89-AD79-7982F097186D}"
EndProject
Project("{FAE04EC0-301F-11D3-BF4B-00C04F79EFBC}") = "AsutpWebTests", "AsutpWebTests\AsutpWebTests.csproj", "{0A928F4E-5C42-48E8-BDC0-9F1677A908E9}"
EndProject
Global
	GlobalSection(SolutionConfigurationPlatforms) = preSolution
		Debug|Any CPU = Debug|Any CPU
		Debug|x64 = Debug|x64
		Release|Any CPU = Release|Any CPU
		Release|x64 = Release|x64
	EndGlobalSection
	GlobalSection(ProjectConfigurationPlatforms) = postSolution
		{7D8F8A03-C88E-4D89-AD79-7982F097186D}.Debug|Any CPU.ActiveCfg = Debug|Any CPU
		{7D8F8A03-C88E-4D89-AD79-7982F097186D}.Debug|Any CPU.Build.0 = Debug|Any CPU
		{7D8F8A03-C88E-4D89-AD79-7982F097186D}.Debug|x64.ActiveCfg = Debug|x64
		{7D8F8A03-C88E-4D89-AD79-7982F097186D}.Debug|x64.Build.0 = Debug|x64
		{7D8F8A03-C88E-4D89-AD79-7982F097186D}.Release|Any CPU.ActiveCfg = Release|Any CPU
		{7D8F8A03-C88E-4D89-AD79-7982F097186D}.Release|Any CPU.Build.0 = Release|Any CPU
		{7D8F8A03-C88E-4D89-AD79-7982F097186D}.Release|x64.ActiveCfg = Release|x64
		{7D8F8A03-C88E-4D89-AD79-7982F097186D}.Release|x64.Build.0 = Release|x64
		{0A928F4E-5C42-48E8-BDC0-9F1677A908E9}.Debug|Any CPU.ActiveCfg = Debug|Any CPU
		{0A928F4E-5C42-48E8-BDC0-9F1677A908E9}.Debug|Any CPU.Build.0 = Debug|Any CPU
		{0A928F4E-5C42-48E8-BDC0-9F1677A908E9}.Debug|x64.ActiveCfg = Debug|x64
		{0A928F4E-5C42-48E8-BDC0-9F1677A908E9}.Debug|x64.Build.0 = Debug|x64
		{0A928F4E-5C42-48E8-BDC0-9F1677A908E9}.Release|Any CPU.ActiveCfg = Release|Any CPU
		{0A928F4E-5C42-48E8-BDC0-9F1677A908E9}.Release|Any CPU.Build.0 = Release|Any CPU
		{0A928F4E-5C42-48E8-BDC0-9F1677A908E9}.Release|x64.ActiveCfg = Release|x64
		{0A928F4E-5C42-48E8-BDC0-9F1677A908E9}.Release|x64.Build.0 = Release|x64
	EndGlobalSection
	GlobalSection(SolutionProperties) = preSolution
		HideSolutionNode = FALSE
	EndGlobalSection
EndGlobal
